
Microsoft Visual Studio Solution File, Format Version 12.00
# Visual Studio 15
VisualStudioVersion = 15.0.27703.2035
MinimumVisualStudioVersion = 10.0.40219.1
Project("{FAE04EC0-301F-11D3-BF4B-00C04F79EFBC}") = "SampleMessageCenter.Android", "SampleMessageCenter\SampleMessageCenter.Android\SampleMessageCenter.Android.csproj", "{87FABF2A-4B7A-4F71-A6D0-FD7DAC984A93}"
EndProject
Project("{FAE04EC0-301F-11D3-BF4B-00C04F79EFBC}") = "SampleMessageCenter.iOS", "SampleMessageCenter\SampleMessageCenter.iOS\SampleMessageCenter.iOS.csproj", "{FEE667CF-065C-4EFC-A13B-4F4E8BF74CA3}"
EndProject
Project("{FAE04EC0-301F-11D3-BF4B-00C04F79EFBC}") = "SampleMessageCenter.UWP", "SampleMessageCenter\SampleMessageCenter.UWP\SampleMessageCenter.UWP.csproj", "{D4E2C433-EA5E-4676-BD41-4C5DF9508A87}"
EndProject
Project("{FAE04EC0-301F-11D3-BF4B-00C04F79EFBC}") = "SampleMessageCenter", "SampleMessageCenter\SampleMessageCenter\SampleMessageCenter.csproj", "{2138B317-1433-4889-9D28-3B1FC3959C27}"
EndProject
Global
	GlobalSection(SolutionConfigurationPlatforms) = preSolution
		Ad-Hoc|Any CPU = Ad-Hoc|Any CPU
		Ad-Hoc|ARM = Ad-Hoc|ARM
		Ad-Hoc|iPhone = Ad-Hoc|iPhone
		Ad-Hoc|iPhoneSimulator = Ad-Hoc|iPhoneSimulator
		Ad-Hoc|x64 = Ad-Hoc|x64
		Ad-Hoc|x86 = Ad-Hoc|x86
		AppStore|Any CPU = AppStore|Any CPU
		AppStore|ARM = AppStore|ARM
		AppStore|iPhone = AppStore|iPhone
		AppStore|iPhoneSimulator = AppStore|iPhoneSimulator
		AppStore|x64 = AppStore|x64
		AppStore|x86 = AppStore|x86
		Debug|Any CPU = Debug|Any CPU
		Debug|ARM = Debug|ARM
		Debug|iPhone = Debug|iPhone
		Debug|iPhoneSimulator = Debug|iPhoneSimulator
		Debug|x64 = Debug|x64
		Debug|x86 = Debug|x86
		Release|Any CPU = Release|Any CPU
		Release|ARM = Release|ARM
		Release|iPhone = Release|iPhone
		Release|iPhoneSimulator = Release|iPhoneSimulator
		Release|x64 = Release|x64
		Release|x86 = Release|x86
	EndGlobalSection
	GlobalSection(ProjectConfigurationPlatforms) = postSolution
		{87FABF2A-4B7A-4F71-A6D0-FD7DAC984A93}.Ad-Hoc|Any CPU.ActiveCfg = Release|Any CPU
		{87FABF2A-4B7A-4F71-A6D0-FD7DAC984A93}.Ad-Hoc|Any CPU.Build.0 = Release|Any CPU
		{87FABF2A-4B7A-4F71-A6D0-FD7DAC984A93}.Ad-Hoc|Any CPU.Deploy.0 = Release|Any CPU
		{87FABF2A-4B7A-4F71-A6D0-FD7DAC984A93}.Ad-Hoc|ARM.ActiveCfg = Release|Any CPU
		{87FABF2A-4B7A-4F71-A6D0-FD7DAC984A93}.Ad-Hoc|ARM.Build.0 = Release|Any CPU
		{87FABF2A-4B7A-4F71-A6D0-FD7DAC984A93}.Ad-Hoc|ARM.Deploy.0 = Release|Any CPU
		{87FABF2A-4B7A-4F71-A6D0-FD7DAC984A93}.Ad-Hoc|iPhone.ActiveCfg = Release|Any CPU
		{87FABF2A-4B7A-4F71-A6D0-FD7DAC984A93}.Ad-Hoc|iPhone.Build.0 = Release|Any CPU
		{87FABF2A-4B7A-4F71-A6D0-FD7DAC984A93}.Ad-Hoc|iPhone.Deploy.0 = Release|Any CPU
		{87FABF2A-4B7A-4F71-A6D0-FD7DAC984A93}.Ad-Hoc|iPhoneSimulator.ActiveCfg = Release|Any CPU
		{87FABF2A-4B7A-4F71-A6D0-FD7DAC984A93}.Ad-Hoc|iPhoneSimulator.Build.0 = Release|Any CPU
		{87FABF2A-4B7A-4F71-A6D0-FD7DAC984A93}.Ad-Hoc|iPhoneSimulator.Deploy.0 = Release|Any CPU
		{87FABF2A-4B7A-4F71-A6D0-FD7DAC984A93}.Ad-Hoc|x64.ActiveCfg = Release|Any CPU
		{87FABF2A-4B7A-4F71-A6D0-FD7DAC984A93}.Ad-Hoc|x64.Build.0 = Release|Any CPU
		{87FABF2A-4B7A-4F71-A6D0-FD7DAC984A93}.Ad-Hoc|x64.Deploy.0 = Release|Any CPU
		{87FABF2A-4B7A-4F71-A6D0-FD7DAC984A93}.Ad-Hoc|x86.ActiveCfg = Release|Any CPU
		{87FABF2A-4B7A-4F71-A6D0-FD7DAC984A93}.Ad-Hoc|x86.Build.0 = Release|Any CPU
		{87FABF2A-4B7A-4F71-A6D0-FD7DAC984A93}.Ad-Hoc|x86.Deploy.0 = Release|Any CPU
		{87FABF2A-4B7A-4F71-A6D0-FD7DAC984A93}.AppStore|Any CPU.ActiveCfg = Release|Any CPU
		{87FABF2A-4B7A-4F71-A6D0-FD7DAC984A93}.AppStore|Any CPU.Build.0 = Release|Any CPU
		{87FABF2A-4B7A-4F71-A6D0-FD7DAC984A93}.AppStore|Any CPU.Deploy.0 = Release|Any CPU
		{87FABF2A-4B7A-4F71-A6D0-FD7DAC984A93}.AppStore|ARM.ActiveCfg = Release|Any CPU
		{87FABF2A-4B7A-4F71-A6D0-FD7DAC984A93}.AppStore|ARM.Build.0 = Release|Any CPU
		{87FABF2A-4B7A-4F71-A6D0-FD7DAC984A93}.AppStore|ARM.Deploy.0 = Release|Any CPU
		{87FABF2A-4B7A-4F71-A6D0-FD7DAC984A93}.AppStore|iPhone.ActiveCfg = Release|Any CPU
		{87FABF2A-4B7A-4F71-A6D0-FD7DAC984A93}.AppStore|iPhone.Build.0 = Release|Any CPU
		{87FABF2A-4B7A-4F71-A6D0-FD7DAC984A93}.AppStore|iPhone.Deploy.0 = Release|Any CPU
		{87FABF2A-4B7A-4F71-A6D0-FD7DAC984A93}.AppStore|iPhoneSimulator.ActiveCfg = Release|Any CPU
		{87FABF2A-4B7A-4F71-A6D0-FD7DAC984A93}.AppStore|iPhoneSimulator.Build.0 = Release|Any CPU
		{87FABF2A-4B7A-4F71-A6D0-FD7DAC984A93}.AppStore|iPhoneSimulator.Deploy.0 = Release|Any CPU
		{87FABF2A-4B7A-4F71-A6D0-FD7DAC984A93}.AppStore|x64.ActiveCfg = Release|Any CPU
		{87FABF2A-4B7A-4F71-A6D0-FD7DAC984A93}.AppStore|x64.Build.0 = Release|Any CPU
		{87FABF2A-4B7A-4F71-A6D0-FD7DAC984A93}.AppStore|x64.Deploy.0 = Release|Any CPU
		{87FABF2A-4B7A-4F71-A6D0-FD7DAC984A93}.AppStore|x86.ActiveCfg = Release|Any CPU
		{87FABF2A-4B7A-4F71-A6D0-FD7DAC984A93}.AppStore|x86.Build.0 = Release|Any CPU
		{87FABF2A-4B7A-4F71-A6D0-FD7DAC984A93}.AppStore|x86.Deploy.0 = Release|Any CPU
		{87FABF2A-4B7A-4F71-A6D0-FD7DAC984A93}.Debug|Any CPU.ActiveCfg = Debug|Any CPU
		{87FABF2A-4B7A-4F71-A6D0-FD7DAC984A93}.Debug|Any CPU.Build.0 = Debug|Any CPU
		{87FABF2A-4B7A-4F71-A6D0-FD7DAC984A93}.Debug|Any CPU.Deploy.0 = Debug|Any CPU
		{87FABF2A-4B7A-4F71-A6D0-FD7DAC984A93}.Debug|ARM.ActiveCfg = Debug|Any CPU
		{87FABF2A-4B7A-4F71-A6D0-FD7DAC984A93}.Debug|ARM.Build.0 = Debug|Any CPU
		{87FABF2A-4B7A-4F71-A6D0-FD7DAC984A93}.Debug|ARM.Deploy.0 = Debug|Any CPU
		{87FABF2A-4B7A-4F71-A6D0-FD7DAC984A93}.Debug|iPhone.ActiveCfg = Debug|Any CPU
		{87FABF2A-4B7A-4F71-A6D0-FD7DAC984A93}.Debug|iPhone.Build.0 = Debug|Any CPU
		{87FABF2A-4B7A-4F71-A6D0-FD7DAC984A93}.Debug|iPhone.Deploy.0 = Debug|Any CPU
		{87FABF2A-4B7A-4F71-A6D0-FD7DAC984A93}.Debug|iPhoneSimulator.ActiveCfg = Debug|Any CPU
		{87FABF2A-4B7A-4F71-A6D0-FD7DAC984A93}.Debug|iPhoneSimulator.Build.0 = Debug|Any CPU
		{87FABF2A-4B7A-4F71-A6D0-FD7DAC984A93}.Debug|iPhoneSimulator.Deploy.0 = Debug|Any CPU
		{87FABF2A-4B7A-4F71-A6D0-FD7DAC984A93}.Debug|x64.ActiveCfg = Debug|Any CPU
		{87FABF2A-4B7A-4F71-A6D0-FD7DAC984A93}.Debug|x64.Build.0 = Debug|Any CPU
		{87FABF2A-4B7A-4F71-A6D0-FD7DAC984A93}.Debug|x64.Deploy.0 = Debug|Any CPU
		{87FABF2A-4B7A-4F71-A6D0-FD7DAC984A93}.Debug|x86.ActiveCfg = Debug|Any CPU
		{87FABF2A-4B7A-4F71-A6D0-FD7DAC984A93}.Debug|x86.Build.0 = Debug|Any CPU
		{87FABF2A-4B7A-4F71-A6D0-FD7DAC984A93}.Debug|x86.Deploy.0 = Debug|Any CPU
		{87FABF2A-4B7A-4F71-A6D0-FD7DAC984A93}.Release|Any CPU.ActiveCfg = Release|Any CPU
		{87FABF2A-4B7A-4F71-A6D0-FD7DAC984A93}.Release|Any CPU.Build.0 = Release|Any CPU
		{87FABF2A-4B7A-4F71-A6D0-FD7DAC984A93}.Release|Any CPU.Deploy.0 = Release|Any CPU
		{87FABF2A-4B7A-4F71-A6D0-FD7DAC984A93}.Release|ARM.ActiveCfg = Release|Any CPU
		{87FABF2A-4B7A-4F71-A6D0-FD7DAC984A93}.Release|ARM.Build.0 = Release|Any CPU
		{87FABF2A-4B7A-4F71-A6D0-FD7DAC984A93}.Release|ARM.Deploy.0 = Release|Any CPU
		{87FABF2A-4B7A-4F71-A6D0-FD7DAC984A93}.Release|iPhone.ActiveCfg = Release|Any CPU
		{87FABF2A-4B7A-4F71-A6D0-FD7DAC984A93}.Release|iPhone.Build.0 = Release|Any CPU
		{87FABF2A-4B7A-4F71-A6D0-FD7DAC984A93}.Release|iPhone.Deploy.0 = Release|Any CPU
		{87FABF2A-4B7A-4F71-A6D0-FD7DAC984A93}.Release|iPhoneSimulator.ActiveCfg = Release|Any CPU
		{87FABF2A-4B7A-4F71-A6D0-FD7DAC984A93}.Release|iPhoneSimulator.Build.0 = Release|Any CPU
		{87FABF2A-4B7A-4F71-A6D0-FD7DAC984A93}.Release|iPhoneSimulator.Deploy.0 = Release|Any CPU
		{87FABF2A-4B7A-4F71-A6D0-FD7DAC984A93}.Release|x64.ActiveCfg = Release|Any CPU
		{87FABF2A-4B7A-4F71-A6D0-FD7DAC984A93}.Release|x64.Build.0 = Release|Any CPU
		{87FABF2A-4B7A-4F71-A6D0-FD7DAC984A93}.Release|x64.Deploy.0 = Release|Any CPU
		{87FABF2A-4B7A-4F71-A6D0-FD7DAC984A93}.Release|x86.ActiveCfg = Release|Any CPU
		{87FABF2A-4B7A-4F71-A6D0-FD7DAC984A93}.Release|x86.Build.0 = Release|Any CPU
		{87FABF2A-4B7A-4F71-A6D0-FD7DAC984A93}.Release|x86.Deploy.0 = Release|Any CPU
		{FEE667CF-065C-4EFC-A13B-4F4E8BF74CA3}.Ad-Hoc|Any CPU.ActiveCfg = Ad-Hoc|iPhone
		{FEE667CF-065C-4EFC-A13B-4F4E8BF74CA3}.Ad-Hoc|Any CPU.Build.0 = Ad-Hoc|iPhone
		{FEE667CF-065C-4EFC-A13B-4F4E8BF74CA3}.Ad-Hoc|Any CPU.Deploy.0 = Ad-Hoc|iPhone
		{FEE667CF-065C-4EFC-A13B-4F4E8BF74CA3}.Ad-Hoc|ARM.ActiveCfg = Ad-Hoc|iPhone
		{FEE667CF-065C-4EFC-A13B-4F4E8BF74CA3}.Ad-Hoc|ARM.Build.0 = Ad-Hoc|iPhone
		{FEE667CF-065C-4EFC-A13B-4F4E8BF74CA3}.Ad-Hoc|ARM.Deploy.0 = Ad-Hoc|iPhone
		{FEE667CF-065C-4EFC-A13B-4F4E8BF74CA3}.Ad-Hoc|iPhone.ActiveCfg = Ad-Hoc|iPhone
		{FEE667CF-065C-4EFC-A13B-4F4E8BF74CA3}.Ad-Hoc|iPhone.Build.0 = Ad-Hoc|iPhone
		{FEE667CF-065C-4EFC-A13B-4F4E8BF74CA3}.Ad-Hoc|iPhone.Deploy.0 = Ad-Hoc|iPhone
		{FEE667CF-065C-4EFC-A13B-4F4E8BF74CA3}.Ad-Hoc|iPhoneSimulator.ActiveCfg = Ad-Hoc|iPhoneSimulator
		{FEE667CF-065C-4EFC-A13B-4F4E8BF74CA3}.Ad-Hoc|iPhoneSimulator.Build.0 = Ad-Hoc|iPhoneSimulator
		{FEE667CF-065C-4EFC-A13B-4F4E8BF74CA3}.Ad-Hoc|iPhoneSimulator.Deploy.0 = Ad-Hoc|iPhoneSimulator
		{FEE667CF-065C-4EFC-A13B-4F4E8BF74CA3}.Ad-Hoc|x64.ActiveCfg = Ad-Hoc|iPhone
		{FEE667CF-065C-4EFC-A13B-4F4E8BF74CA3}.Ad-Hoc|x64.Build.0 = Ad-Hoc|iPhone
		{FEE667CF-065C-4EFC-A13B-4F4E8BF74CA3}.Ad-Hoc|x64.Deploy.0 = Ad-Hoc|iPhone
		{FEE667CF-065C-4EFC-A13B-4F4E8BF74CA3}.Ad-Hoc|x86.ActiveCfg = Ad-Hoc|iPhone
		{FEE667CF-065C-4EFC-A13B-4F4E8BF74CA3}.Ad-Hoc|x86.Build.0 = Ad-Hoc|iPhone
		{FEE667CF-065C-4EFC-A13B-4F4E8BF74CA3}.Ad-Hoc|x86.Deploy.0 = Ad-Hoc|iPhone
		{FEE667CF-065C-4EFC-A13B-4F4E8BF74CA3}.AppStore|Any CPU.ActiveCfg = AppStore|iPhone
		{FEE667CF-065C-4EFC-A13B-4F4E8BF74CA3}.AppStore|Any CPU.Build.0 = AppStore|iPhone
		{FEE667CF-065C-4EFC-A13B-4F4E8BF74CA3}.AppStore|Any CPU.Deploy.0 = AppStore|iPhone
		{FEE667CF-065C-4EFC-A13B-4F4E8BF74CA3}.AppStore|ARM.ActiveCfg = AppStore|iPhone
		{FEE667CF-065C-4EFC-A13B-4F4E8BF74CA3}.AppStore|ARM.Build.0 = AppStore|iPhone
		{FEE667CF-065C-4EFC-A13B-4F4E8BF74CA3}.AppStore|ARM.Deploy.0 = AppStore|iPhone
		{FEE667CF-065C-4EFC-A13B-4F4E8BF74CA3}.AppStore|iPhone.ActiveCfg = AppStore|iPhone
		{FEE667CF-065C-4EFC-A13B-4F4E8BF74CA3}.AppStore|iPhone.Build.0 = AppStore|iPhone
		{FEE667CF-065C-4EFC-A13B-4F4E8BF74CA3}.AppStore|iPhone.Deploy.0 = AppStore|iPhone
		{FEE667CF-065C-4EFC-A13B-4F4E8BF74CA3}.AppStore|iPhoneSimulator.ActiveCfg = AppStore|iPhoneSimulator
		{FEE667CF-065C-4EFC-A13B-4F4E8BF74CA3}.AppStore|iPhoneSimulator.Build.0 = AppStore|iPhoneSimulator
		{FEE667CF-065C-4EFC-A13B-4F4E8BF74CA3}.AppStore|iPhoneSimulator.Deploy.0 = AppStore|iPhoneSimulator
		{FEE667CF-065C-4EFC-A13B-4F4E8BF74CA3}.AppStore|x64.ActiveCfg = AppStore|iPhone
		{FEE667CF-065C-4EFC-A13B-4F4E8BF74CA3}.AppStore|x64.Build.0 = AppStore|iPhone
		{FEE667CF-065C-4EFC-A13B-4F4E8BF74CA3}.AppStore|x64.Deploy.0 = AppStore|iPhone
		{FEE667CF-065C-4EFC-A13B-4F4E8BF74CA3}.AppStore|x86.ActiveCfg = AppStore|iPhone
		{FEE667CF-065C-4EFC-A13B-4F4E8BF74CA3}.AppStore|x86.Build.0 = AppStore|iPhone
		{FEE667CF-065C-4EFC-A13B-4F4E8BF74CA3}.AppStore|x86.Deploy.0 = AppStore|iPhone
		{FEE667CF-065C-4EFC-A13B-4F4E8BF74CA3}.Debug|Any CPU.ActiveCfg = Debug|iPhoneSimulator
		{FEE667CF-065C-4EFC-A13B-4F4E8BF74CA3}.Debug|Any CPU.Build.0 = Debug|iPhoneSimulator
		{FEE667CF-065C-4EFC-A13B-4F4E8BF74CA3}.Debug|Any CPU.Deploy.0 = Debug|iPhoneSimulator
		{FEE667CF-065C-4EFC-A13B-4F4E8BF74CA3}.Debug|ARM.ActiveCfg = Debug|iPhone
		{FEE667CF-065C-4EFC-A13B-4F4E8BF74CA3}.Debug|ARM.Build.0 = Debug|iPhone
		{FEE667CF-065C-4EFC-A13B-4F4E8BF74CA3}.Debug|ARM.Deploy.0 = Debug|iPhone
		{FEE667CF-065C-4EFC-A13B-4F4E8BF74CA3}.Debug|iPhone.ActiveCfg = Debug|iPhone
		{FEE667CF-065C-4EFC-A13B-4F4E8BF74CA3}.Debug|iPhone.Build.0 = Debug|iPhone
		{FEE667CF-065C-4EFC-A13B-4F4E8BF74CA3}.Debug|iPhone.Deploy.0 = Debug|iPhone
		{FEE667CF-065C-4EFC-A13B-4F4E8BF74CA3}.Debug|iPhoneSimulator.ActiveCfg = Debug|iPhoneSimulator
		{FEE667CF-065C-4EFC-A13B-4F4E8BF74CA3}.Debug|iPhoneSimulator.Build.0 = Debug|iPhoneSimulator
		{FEE667CF-065C-4EFC-A13B-4F4E8BF74CA3}.Debug|iPhoneSimulator.Deploy.0 = Debug|iPhoneSimulator
		{FEE667CF-065C-4EFC-A13B-4F4E8BF74CA3}.Debug|x64.ActiveCfg = Debug|iPhone
		{FEE667CF-065C-4EFC-A13B-4F4E8BF74CA3}.Debug|x64.Build.0 = Debug|iPhone
		{FEE667CF-065C-4EFC-A13B-4F4E8BF74CA3}.Debug|x64.Deploy.0 = Debug|iPhone
		{FEE667CF-065C-4EFC-A13B-4F4E8BF74CA3}.Debug|x86.ActiveCfg = Debug|iPhone
		{FEE667CF-065C-4EFC-A13B-4F4E8BF74CA3}.Debug|x86.Build.0 = Debug|iPhone
		{FEE667CF-065C-4EFC-A13B-4F4E8BF74CA3}.Debug|x86.Deploy.0 = Debug|iPhone
		{FEE667CF-065C-4EFC-A13B-4F4E8BF74CA3}.Release|Any CPU.ActiveCfg = Release|iPhone
		{FEE667CF-065C-4EFC-A13B-4F4E8BF74CA3}.Release|Any CPU.Build.0 = Release|iPhone
		{FEE667CF-065C-4EFC-A13B-4F4E8BF74CA3}.Release|Any CPU.Deploy.0 = Release|iPhone
		{FEE667CF-065C-4EFC-A13B-4F4E8BF74CA3}.Release|ARM.ActiveCfg = Release|iPhone
		{FEE667CF-065C-4EFC-A13B-4F4E8BF74CA3}.Release|ARM.Build.0 = Release|iPhone
		{FEE667CF-065C-4EFC-A13B-4F4E8BF74CA3}.Release|ARM.Deploy.0 = Release|iPhone
		{FEE667CF-065C-4EFC-A13B-4F4E8BF74CA3}.Release|iPhone.ActiveCfg = Release|iPhone
		{FEE667CF-065C-4EFC-A13B-4F4E8BF74CA3}.Release|iPhone.Build.0 = Release|iPhone
		{FEE667CF-065C-4EFC-A13B-4F4E8BF74CA3}.Release|iPhone.Deploy.0 = Release|iPhone
		{FEE667CF-065C-4EFC-A13B-4F4E8BF74CA3}.Release|iPhoneSimulator.ActiveCfg = Release|iPhoneSimulator
		{FEE667CF-065C-4EFC-A13B-4F4E8BF74CA3}.Release|iPhoneSimulator.Build.0 = Release|iPhoneSimulator
		{FEE667CF-065C-4EFC-A13B-4F4E8BF74CA3}.Release|iPhoneSimulator.Deploy.0 = Release|iPhoneSimulator
		{FEE667CF-065C-4EFC-A13B-4F4E8BF74CA3}.Release|x64.ActiveCfg = Release|iPhone
		{FEE667CF-065C-4EFC-A13B-4F4E8BF74CA3}.Release|x64.Build.0 = Release|iPhone
		{FEE667CF-065C-4EFC-A13B-4F4E8BF74CA3}.Release|x64.Deploy.0 = Release|iPhone
		{FEE667CF-065C-4EFC-A13B-4F4E8BF74CA3}.Release|x86.ActiveCfg = Release|iPhone
		{FEE667CF-065C-4EFC-A13B-4F4E8BF74CA3}.Release|x86.Build.0 = Release|iPhone
		{FEE667CF-065C-4EFC-A13B-4F4E8BF74CA3}.Release|x86.Deploy.0 = Release|iPhone
		{D4E2C433-EA5E-4676-BD41-4C5DF9508A87}.Ad-Hoc|Any CPU.ActiveCfg = Release|x86
		{D4E2C433-EA5E-4676-BD41-4C5DF9508A87}.Ad-Hoc|Any CPU.Build.0 = Release|x86
		{D4E2C433-EA5E-4676-BD41-4C5DF9508A87}.Ad-Hoc|Any CPU.Deploy.0 = Release|x86
		{D4E2C433-EA5E-4676-BD41-4C5DF9508A87}.Ad-Hoc|ARM.ActiveCfg = Release|ARM
		{D4E2C433-EA5E-4676-BD41-4C5DF9508A87}.Ad-Hoc|ARM.Build.0 = Release|ARM
		{D4E2C433-EA5E-4676-BD41-4C5DF9508A87}.Ad-Hoc|ARM.Deploy.0 = Release|ARM
		{D4E2C433-EA5E-4676-BD41-4C5DF9508A87}.Ad-Hoc|iPhone.ActiveCfg = Release|x86
		{D4E2C433-EA5E-4676-BD41-4C5DF9508A87}.Ad-Hoc|iPhone.Build.0 = Release|x86
		{D4E2C433-EA5E-4676-BD41-4C5DF9508A87}.Ad-Hoc|iPhone.Deploy.0 = Release|x86
		{D4E2C433-EA5E-4676-BD41-4C5DF9508A87}.Ad-Hoc|iPhoneSimulator.ActiveCfg = Release|x86
		{D4E2C433-EA5E-4676-BD41-4C5DF9508A87}.Ad-Hoc|iPhoneSimulator.Build.0 = Release|x86
		{D4E2C433-EA5E-4676-BD41-4C5DF9508A87}.Ad-Hoc|iPhoneSimulator.Deploy.0 = Release|x86
		{D4E2C433-EA5E-4676-BD41-4C5DF9508A87}.Ad-Hoc|x64.ActiveCfg = Release|x64
		{D4E2C433-EA5E-4676-BD41-4C5DF9508A87}.Ad-Hoc|x64.Build.0 = Release|x64
		{D4E2C433-EA5E-4676-BD41-4C5DF9508A87}.Ad-Hoc|x64.Deploy.0 = Release|x64
		{D4E2C433-EA5E-4676-BD41-4C5DF9508A87}.Ad-Hoc|x86.ActiveCfg = Release|x86
		{D4E2C433-EA5E-4676-BD41-4C5DF9508A87}.Ad-Hoc|x86.Build.0 = Release|x86
		{D4E2C433-EA5E-4676-BD41-4C5DF9508A87}.Ad-Hoc|x86.Deploy.0 = Release|x86
		{D4E2C433-EA5E-4676-BD41-4C5DF9508A87}.AppStore|Any CPU.ActiveCfg = Release|x86
		{D4E2C433-EA5E-4676-BD41-4C5DF9508A87}.AppStore|Any CPU.Build.0 = Release|x86
		{D4E2C433-EA5E-4676-BD41-4C5DF9508A87}.AppStore|Any CPU.Deploy.0 = Release|x86
		{D4E2C433-EA5E-4676-BD41-4C5DF9508A87}.AppStore|ARM.ActiveCfg = Release|ARM
		{D4E2C433-EA5E-4676-BD41-4C5DF9508A87}.AppStore|ARM.Build.0 = Release|ARM
		{D4E2C433-EA5E-4676-BD41-4C5DF9508A87}.AppStore|ARM.Deploy.0 = Release|ARM
		{D4E2C433-EA5E-4676-BD41-4C5DF9508A87}.AppStore|iPhone.ActiveCfg = Release|x86
		{D4E2C433-EA5E-4676-BD41-4C5DF9508A87}.AppStore|iPhone.Build.0 = Release|x86
		{D4E2C433-EA5E-4676-BD41-4C5DF9508A87}.AppStore|iPhone.Deploy.0 = Release|x86
		{D4E2C433-EA5E-4676-BD41-4C5DF9508A87}.AppStore|iPhoneSimulator.ActiveCfg = Release|x86
		{D4E2C433-EA5E-4676-BD41-4C5DF9508A87}.AppStore|iPhoneSimulator.Build.0 = Release|x86
		{D4E2C433-EA5E-4676-BD41-4C5DF9508A87}.AppStore|iPhoneSimulator.Deploy.0 = Release|x86
		{D4E2C433-EA5E-4676-BD41-4C5DF9508A87}.AppStore|x64.ActiveCfg = Release|x64
		{D4E2C433-EA5E-4676-BD41-4C5DF9508A87}.AppStore|x64.Build.0 = Release|x64
		{D4E2C433-EA5E-4676-BD41-4C5DF9508A87}.AppStore|x64.Deploy.0 = Release|x64
		{D4E2C433-EA5E-4676-BD41-4C5DF9508A87}.AppStore|x86.ActiveCfg = Release|x86
		{D4E2C433-EA5E-4676-BD41-4C5DF9508A87}.AppStore|x86.Build.0 = Release|x86
		{D4E2C433-EA5E-4676-BD41-4C5DF9508A87}.AppStore|x86.Deploy.0 = Release|x86
		{D4E2C433-EA5E-4676-BD41-4C5DF9508A87}.Debug|Any CPU.ActiveCfg = Debug|x86
		{D4E2C433-EA5E-4676-BD41-4C5DF9508A87}.Debug|Any CPU.Build.0 = Debug|x86
		{D4E2C433-EA5E-4676-BD41-4C5DF9508A87}.Debug|Any CPU.Deploy.0 = Debug|x86
		{D4E2C433-EA5E-4676-BD41-4C5DF9508A87}.Debug|ARM.ActiveCfg = Debug|ARM
		{D4E2C433-EA5E-4676-BD41-4C5DF9508A87}.Debug|ARM.Build.0 = Debug|ARM
		{D4E2C433-EA5E-4676-BD41-4C5DF9508A87}.Debug|ARM.Deploy.0 = Debug|ARM
		{D4E2C433-EA5E-4676-BD41-4C5DF9508A87}.Debug|iPhone.ActiveCfg = Debug|x86
		{D4E2C433-EA5E-4676-BD41-4C5DF9508A87}.Debug|iPhone.Build.0 = Debug|x86
		{D4E2C433-EA5E-4676-BD41-4C5DF9508A87}.Debug|iPhone.Deploy.0 = Debug|x86
		{D4E2C433-EA5E-4676-BD41-4C5DF9508A87}.Debug|iPhoneSimulator.ActiveCfg = Debug|x86
		{D4E2C433-EA5E-4676-BD41-4C5DF9508A87}.Debug|iPhoneSimulator.Build.0 = Debug|x86
		{D4E2C433-EA5E-4676-BD41-4C5DF9508A87}.Debug|iPhoneSimulator.Deploy.0 = Debug|x86
		{D4E2C433-EA5E-4676-BD41-4C5DF9508A87}.Debug|x64.ActiveCfg = Debug|x64
		{D4E2C433-EA5E-4676-BD41-4C5DF9508A87}.Debug|x64.Build.0 = Debug|x64
		{D4E2C433-EA5E-4676-BD41-4C5DF9508A87}.Debug|x64.Deploy.0 = Debug|x64
		{D4E2C433-EA5E-4676-BD41-4C5DF9508A87}.Debug|x86.ActiveCfg = Debug|x86
		{D4E2C433-EA5E-4676-BD41-4C5DF9508A87}.Debug|x86.Build.0 = Debug|x86
		{D4E2C433-EA5E-4676-BD41-4C5DF9508A87}.Debug|x86.Deploy.0 = Debug|x86
		{D4E2C433-EA5E-4676-BD41-4C5DF9508A87}.Release|Any CPU.ActiveCfg = Release|x86
		{D4E2C433-EA5E-4676-BD41-4C5DF9508A87}.Release|Any CPU.Build.0 = Release|x86
		{D4E2C433-EA5E-4676-BD41-4C5DF9508A87}.Release|Any CPU.Deploy.0 = Release|x86
		{D4E2C433-EA5E-4676-BD41-4C5DF9508A87}.Release|ARM.ActiveCfg = Release|ARM
		{D4E2C433-EA5E-4676-BD41-4C5DF9508A87}.Release|ARM.Build.0 = Release|ARM
		{D4E2C433-EA5E-4676-BD41-4C5DF9508A87}.Release|ARM.Deploy.0 = Release|ARM
		{D4E2C433-EA5E-4676-BD41-4C5DF9508A87}.Release|iPhone.ActiveCfg = Release|x86
		{D4E2C433-EA5E-4676-BD41-4C5DF9508A87}.Release|iPhone.Build.0 = Release|x86
		{D4E2C433-EA5E-4676-BD41-4C5DF9508A87}.Release|iPhone.Deploy.0 = Release|x86
		{D4E2C433-EA5E-4676-BD41-4C5DF9508A87}.Release|iPhoneSimulator.ActiveCfg = Release|x86
		{D4E2C433-EA5E-4676-BD41-4C5DF9508A87}.Release|iPhoneSimulator.Build.0 = Release|x86
		{D4E2C433-EA5E-4676-BD41-4C5DF9508A87}.Release|iPhoneSimulator.Deploy.0 = Release|x86
		{D4E2C433-EA5E-4676-BD41-4C5DF9508A87}.Release|x64.ActiveCfg = Release|x64
		{D4E2C433-EA5E-4676-BD41-4C5DF9508A87}.Release|x64.Build.0 = Release|x64
		{D4E2C433-EA5E-4676-BD41-4C5DF9508A87}.Release|x64.Deploy.0 = Release|x64
		{D4E2C433-EA5E-4676-BD41-4C5DF9508A87}.Release|x86.ActiveCfg = Release|x86
		{D4E2C433-EA5E-4676-BD41-4C5DF9508A87}.Release|x86.Build.0 = Release|x86
		{D4E2C433-EA5E-4676-BD41-4C5DF9508A87}.Release|x86.Deploy.0 = Release|x86
		{2138B317-1433-4889-9D28-3B1FC3959C27}.Ad-Hoc|Any CPU.ActiveCfg = Debug|Any CPU
		{2138B317-1433-4889-9D28-3B1FC3959C27}.Ad-Hoc|Any CPU.Build.0 = Debug|Any CPU
		{2138B317-1433-4889-9D28-3B1FC3959C27}.Ad-Hoc|Any CPU.Deploy.0 = Debug|Any CPU
		{2138B317-1433-4889-9D28-3B1FC3959C27}.Ad-Hoc|ARM.ActiveCfg = Debug|Any CPU
		{2138B317-1433-4889-9D28-3B1FC3959C27}.Ad-Hoc|ARM.Build.0 = Debug|Any CPU
		{2138B317-1433-4889-9D28-3B1FC3959C27}.Ad-Hoc|ARM.Deploy.0 = Debug|Any CPU
		{2138B317-1433-4889-9D28-3B1FC3959C27}.Ad-Hoc|iPhone.ActiveCfg = Debug|Any CPU
		{2138B317-1433-4889-9D28-3B1FC3959C27}.Ad-Hoc|iPhone.Build.0 = Debug|Any CPU
		{2138B317-1433-4889-9D28-3B1FC3959C27}.Ad-Hoc|iPhone.Deploy.0 = Debug|Any CPU
		{2138B317-1433-4889-9D28-3B1FC3959C27}.Ad-Hoc|iPhoneSimulator.ActiveCfg = Debug|Any CPU
		{2138B317-1433-4889-9D28-3B1FC3959C27}.Ad-Hoc|iPhoneSimulator.Build.0 = Debug|Any CPU
		{2138B317-1433-4889-9D28-3B1FC3959C27}.Ad-Hoc|iPhoneSimulator.Deploy.0 = Debug|Any CPU
		{2138B317-1433-4889-9D28-3B1FC3959C27}.Ad-Hoc|x64.ActiveCfg = Debug|Any CPU
		{2138B317-1433-4889-9D28-3B1FC3959C27}.Ad-Hoc|x64.Build.0 = Debug|Any CPU
		{2138B317-1433-4889-9D28-3B1FC3959C27}.Ad-Hoc|x64.Deploy.0 = Debug|Any CPU
		{2138B317-1433-4889-9D28-3B1FC3959C27}.Ad-Hoc|x86.ActiveCfg = Debug|Any CPU
		{2138B317-1433-4889-9D28-3B1FC3959C27}.Ad-Hoc|x86.Build.0 = Debug|Any CPU
		{2138B317-1433-4889-9D28-3B1FC3959C27}.Ad-Hoc|x86.Deploy.0 = Debug|Any CPU
		{2138B317-1433-4889-9D28-3B1FC3959C27}.AppStore|Any CPU.ActiveCfg = Debug|Any CPU
		{2138B317-1433-4889-9D28-3B1FC3959C27}.AppStore|Any CPU.Build.0 = Debug|Any CPU
		{2138B317-1433-4889-9D28-3B1FC3959C27}.AppStore|Any CPU.Deploy.0 = Debug|Any CPU
		{2138B317-1433-4889-9D28-3B1FC3959C27}.AppStore|ARM.ActiveCfg = Debug|Any CPU
		{2138B317-1433-4889-9D28-3B1FC3959C27}.AppStore|ARM.Build.0 = Debug|Any CPU
		{2138B317-1433-4889-9D28-3B1FC3959C27}.AppStore|ARM.Deploy.0 = Debug|Any CPU
		{2138B317-1433-4889-9D28-3B1FC3959C27}.AppStore|iPhone.ActiveCfg = Debug|Any CPU
		{2138B317-1433-4889-9D28-3B1FC3959C27}.AppStore|iPhone.Build.0 = Debug|Any CPU
		{2138B317-1433-4889-9D28-3B1FC3959C27}.AppStore|iPhone.Deploy.0 = Debug|Any CPU
		{2138B317-1433-4889-9D28-3B1FC3959C27}.AppStore|iPhoneSimulator.ActiveCfg = Debug|Any CPU
		{2138B317-1433-4889-9D28-3B1FC3959C27}.AppStore|iPhoneSimulator.Build.0 = Debug|Any CPU
		{2138B317-1433-4889-9D28-3B1FC3959C27}.AppStore|iPhoneSimulator.Deploy.0 = Debug|Any CPU
		{2138B317-1433-4889-9D28-3B1FC3959C27}.AppStore|x64.ActiveCfg = Debug|Any CPU
		{2138B317-1433-4889-9D28-3B1FC3959C27}.AppStore|x64.Build.0 = Debug|Any CPU
		{2138B317-1433-4889-9D28-3B1FC3959C27}.AppStore|x64.Deploy.0 = Debug|Any CPU
		{2138B317-1433-4889-9D28-3B1FC3959C27}.AppStore|x86.ActiveCfg = Debug|Any CPU
		{2138B317-1433-4889-9D28-3B1FC3959C27}.AppStore|x86.Build.0 = Debug|Any CPU
		{2138B317-1433-4889-9D28-3B1FC3959C27}.AppStore|x86.Deploy.0 = Debug|Any CPU
		{2138B317-1433-4889-9D28-3B1FC3959C27}.Debug|Any CPU.ActiveCfg = Debug|Any CPU
		{2138B317-1433-4889-9D28-3B1FC3959C27}.Debug|Any CPU.Build.0 = Debug|Any CPU
		{2138B317-1433-4889-9D28-3B1FC3959C27}.Debug|Any CPU.Deploy.0 = Debug|Any CPU
		{2138B317-1433-4889-9D28-3B1FC3959C27}.Debug|ARM.ActiveCfg = Debug|Any CPU
		{2138B317-1433-4889-9D28-3B1FC3959C27}.Debug|ARM.Build.0 = Debug|Any CPU
		{2138B317-1433-4889-9D28-3B1FC3959C27}.Debug|ARM.Deploy.0 = Debug|Any CPU
		{2138B317-1433-4889-9D28-3B1FC3959C27}.Debug|iPhone.ActiveCfg = Debug|Any CPU
		{2138B317-1433-4889-9D28-3B1FC3959C27}.Debug|iPhone.Build.0 = Debug|Any CPU
		{2138B317-1433-4889-9D28-3B1FC3959C27}.Debug|iPhone.Deploy.0 = Debug|Any CPU
		{2138B317-1433-4889-9D28-3B1FC3959C27}.Debug|iPhoneSimulator.ActiveCfg = Debug|Any CPU
		{2138B317-1433-4889-9D28-3B1FC3959C27}.Debug|iPhoneSimulator.Build.0 = Debug|Any CPU
		{2138B317-1433-4889-9D28-3B1FC3959C27}.Debug|iPhoneSimulator.Deploy.0 = Debug|Any CPU
		{2138B317-1433-4889-9D28-3B1FC3959C27}.Debug|x64.ActiveCfg = Debug|Any CPU
		{2138B317-1433-4889-9D28-3B1FC3959C27}.Debug|x64.Build.0 = Debug|Any CPU
		{2138B317-1433-4889-9D28-3B1FC3959C27}.Debug|x64.Deploy.0 = Debug|Any CPU
		{2138B317-1433-4889-9D28-3B1FC3959C27}.Debug|x86.ActiveCfg = Debug|Any CPU
		{2138B317-1433-4889-9D28-3B1FC3959C27}.Debug|x86.Build.0 = Debug|Any CPU
		{2138B317-1433-4889-9D28-3B1FC3959C27}.Debug|x86.Deploy.0 = Debug|Any CPU
		{2138B317-1433-4889-9D28-3B1FC3959C27}.Release|Any CPU.ActiveCfg = Release|Any CPU
		{2138B317-1433-4889-9D28-3B1FC3959C27}.Release|Any CPU.Build.0 = Release|Any CPU
		{2138B317-1433-4889-9D28-3B1FC3959C27}.Release|Any CPU.Deploy.0 = Release|Any CPU
		{2138B317-1433-4889-9D28-3B1FC3959C27}.Release|ARM.ActiveCfg = Release|Any CPU
		{2138B317-1433-4889-9D28-3B1FC3959C27}.Release|ARM.Build.0 = Release|Any CPU
		{2138B317-1433-4889-9D28-3B1FC3959C27}.Release|ARM.Deploy.0 = Release|Any CPU
		{2138B317-1433-4889-9D28-3B1FC3959C27}.Release|iPhone.ActiveCfg = Release|Any CPU
		{2138B317-1433-4889-9D28-3B1FC3959C27}.Release|iPhone.Build.0 = Release|Any CPU
		{2138B317-1433-4889-9D28-3B1FC3959C27}.Release|iPhone.Deploy.0 = Release|Any CPU
		{2138B317-1433-4889-9D28-3B1FC3959C27}.Release|iPhoneSimulator.ActiveCfg = Release|Any CPU
		{2138B317-1433-4889-9D28-3B1FC3959C27}.Release|iPhoneSimulator.Build.0 = Release|Any CPU
		{2138B317-1433-4889-9D28-3B1FC3959C27}.Release|iPhoneSimulator.Deploy.0 = Release|Any CPU
		{2138B317-1433-4889-9D28-3B1FC3959C27}.Release|x64.ActiveCfg = Release|Any CPU
		{2138B317-1433-4889-9D28-3B1FC3959C27}.Release|x64.Build.0 = Release|Any CPU
		{2138B317-1433-4889-9D28-3B1FC3959C27}.Release|x64.Deploy.0 = Release|Any CPU
		{2138B317-1433-4889-9D28-3B1FC3959C27}.Release|x86.ActiveCfg = Release|Any CPU
		{2138B317-1433-4889-9D28-3B1FC3959C27}.Release|x86.Build.0 = Release|Any CPU
		{2138B317-1433-4889-9D28-3B1FC3959C27}.Release|x86.Deploy.0 = Release|Any CPU
	EndGlobalSection
	GlobalSection(SolutionProperties) = preSolution
		HideSolutionNode = FALSE
	EndGlobalSection
	GlobalSection(ExtensibilityGlobals) = postSolution
		SolutionGuid = {958FCC37-6B55-4E7C-82CB-F046AF40FF23}
	EndGlobalSection
EndGlobal
